
Microsoft Visual Studio Solution File, Format Version 12.00
# Visual Studio Version 17
VisualStudioVersion = 17.10.35013.160
MinimumVisualStudioVersion = 10.0.40219.1
Project("{FAE04EC0-301F-11D3-BF4B-00C04F79EFBC}") = "HREmployeesSystem", "HREmployeesSystem\HREmployeesSystem.csproj", "{8166DF9A-30DC-47DA-993C-9D221E6DEFDB}"
EndProject
Global
	GlobalSection(SolutionConfigurationPlatforms) = preSolution
		Debug|Any CPU = Debug|Any CPU
		Release|Any CPU = Release|Any CPU
	EndGlobalSection
	GlobalSection(ProjectConfigurationPlatforms) = postSolution
		{8166DF9A-30DC-47DA-993C-9D221E6DEFDB}.Debug|Any CPU.ActiveCfg = Debug|Any CPU
		{8166DF9A-30DC-47DA-993C-9D221E6DEFDB}.Debug|Any CPU.Build.0 = Debug|Any CPU
		{8166DF9A-30DC-47DA-993C-9D221E6DEFDB}.Release|Any CPU.ActiveCfg = Release|Any CPU
		{8166DF9A-30DC-47DA-993C-9D221E6DEFDB}.Release|Any CPU.Build.0 = Release|Any CPU
	EndGlobalSection
	GlobalSection(SolutionProperties) = preSolution
		HideSolutionNode = FALSE
	EndGlobalSection
	GlobalSection(ExtensibilityGlobals) = postSolution
		SolutionGuid = {BB3768B9-31EF-4287-B482-B11931BEE609}
	EndGlobalSection
EndGlobal
